// !$*UTF8*$!
{
	archiveVersion = 1;
	classes = {
	};
	objectVersion = 50;
	objects = {

/* Begin PBXBuildFile section */
		413ACCD925D46EDD0064DF43 /* AllowListWindowController.m in Sources */ = {isa = PBXBuildFile; fileRef = 413ACCD725D46EDD0064DF43 /* AllowListWindowController.m */; };
		413ACCDA25D46EDD0064DF43 /* AllowListWindow.xib in Resources */ = {isa = PBXBuildFile; fileRef = 413ACCD825D46EDD0064DF43 /* AllowListWindow.xib */; };
		4140452825CFC1550013FFE1 /* InjectionNotificationWindowController.m in Sources */ = {isa = PBXBuildFile; fileRef = 4140452625CFC1550013FFE1 /* InjectionNotificationWindowController.m */; };
		4140452925CFC1550013FFE1 /* NotificationWindow.xib in Resources */ = {isa = PBXBuildFile; fileRef = 4140452725CFC1550013FFE1 /* NotificationWindow.xib */; };
		41414C8A264FF68D000584E0 /* File.m in Sources */ = {isa = PBXBuildFile; fileRef = 41414C88264FF68D000584E0 /* File.m */; };
		414158BD2492081D00DABD0D /* Preferences.m in Sources */ = {isa = PBXBuildFile; fileRef = 414158BC2492081D00DABD0D /* Preferences.m */; };
		4141E6C7248F661A00C090BA /* Monitor.m in Sources */ = {isa = PBXBuildFile; fileRef = 4185C887248D8C8800D6CBD2 /* Monitor.m */; };
		4141E6C8248F661A00C090BA /* Process.m in Sources */ = {isa = PBXBuildFile; fileRef = 4185C888248D8C8800D6CBD2 /* Process.m */; };
		4141E6C9248F661A00C090BA /* signing.m in Sources */ = {isa = PBXBuildFile; fileRef = 4185C88A248D8C8800D6CBD2 /* signing.m */; };
		4141E6CA248F661A00C090BA /* utilities.m in Sources */ = {isa = PBXBuildFile; fileRef = 4185C88D248D8C8800D6CBD2 /* utilities.m */; };
		4151A20226506E2000683A18 /* FilelinkNotificationWindowController.m in Sources */ = {isa = PBXBuildFile; fileRef = 4151A20026506E2000683A18 /* FilelinkNotificationWindowController.m */; };
		4151A20326506E2000683A18 /* FilelinkNotificationWindow.xib in Resources */ = {isa = PBXBuildFile; fileRef = 4151A20126506E2000683A18 /* FilelinkNotificationWindow.xib */; };
		4153843825D12E2700C85BD1 /* InstallerWindowController.m in Sources */ = {isa = PBXBuildFile; fileRef = 4153843625D12E2700C85BD1 /* InstallerWindowController.m */; };
		4153843925D12E2700C85BD1 /* InstallerWindowController.xib in Resources */ = {isa = PBXBuildFile; fileRef = 4153843725D12E2700C85BD1 /* InstallerWindowController.xib */; };
		4164BF3D248D938B00B5F881 /* libEndpointSecurity.tbd in Frameworks */ = {isa = PBXBuildFile; fileRef = 4185C8BC248D8ED700D6CBD2 /* libEndpointSecurity.tbd */; };
		4164BF3E248D939200B5F881 /* libbsm.tbd in Frameworks */ = {isa = PBXBuildFile; fileRef = 4185C8BA248D8EB400D6CBD2 /* libbsm.tbd */; };
		4181AD1524A7CE0E0043B995 /* AppDelegate.m in Sources */ = {isa = PBXBuildFile; fileRef = 4181AD1424A7CE0E0043B995 /* AppDelegate.m */; };
		4181AD1724A7CE0E0043B995 /* Assets.xcassets in Resources */ = {isa = PBXBuildFile; fileRef = 4181AD1624A7CE0E0043B995 /* Assets.xcassets */; };
		4181AD1A24A7CE0E0043B995 /* MainMenu.xib in Resources */ = {isa = PBXBuildFile; fileRef = 4181AD1824A7CE0E0043B995 /* MainMenu.xib */; };
		4181AD1D24A7CE0E0043B995 /* main.m in Sources */ = {isa = PBXBuildFile; fileRef = 4181AD1C24A7CE0E0043B995 /* main.m */; };
		4181AD2324A7CE380043B995 /* ServiceManagement.framework in Frameworks */ = {isa = PBXBuildFile; fileRef = 4181AD2224A7CE380043B995 /* ServiceManagement.framework */; };
		4181AD2524A7CF1F0043B995 /* ShieldHelper.app in CopyFiles */ = {isa = PBXBuildFile; fileRef = 4181AD1124A7CE0E0043B995 /* ShieldHelper.app */; settings = {ATTRIBUTES = (RemoveHeadersOnCopy, ); }; };
		4185C83E248D064700D6CBD2 /* AppDelegate.m in Sources */ = {isa = PBXBuildFile; fileRef = 4185C83D248D064700D6CBD2 /* AppDelegate.m */; };
		4185C840248D064800D6CBD2 /* Assets.xcassets in Resources */ = {isa = PBXBuildFile; fileRef = 4185C83F248D064800D6CBD2 /* Assets.xcassets */; };
		4185C843248D064800D6CBD2 /* MainMenu.xib in Resources */ = {isa = PBXBuildFile; fileRef = 4185C841248D064800D6CBD2 /* MainMenu.xib */; };
		4185C846248D064800D6CBD2 /* main.m in Sources */ = {isa = PBXBuildFile; fileRef = 4185C845248D064800D6CBD2 /* main.m */; };
		4185C85A248D14E700D6CBD2 /* dot.pdf in Resources */ = {isa = PBXBuildFile; fileRef = 4185C859248D14E700D6CBD2 /* dot.pdf */; };
		4185C891248D8C8800D6CBD2 /* utilities.m in Sources */ = {isa = PBXBuildFile; fileRef = 4185C88D248D8C8800D6CBD2 /* utilities.m */; };
		4185C8AF248D8E0E00D6CBD2 /* main.m in Sources */ = {isa = PBXBuildFile; fileRef = 4185C8AE248D8E0E00D6CBD2 /* main.m */; };
		4185C8B4248D8E0E00D6CBD2 /* com.csaba.fitzl.shield.Extension.systemextension in Embed System Extensions */ = {isa = PBXBuildFile; fileRef = 4185C8A7248D8E0E00D6CBD2 /* com.csaba.fitzl.shield.Extension.systemextension */; settings = {ATTRIBUTES = (RemoveHeadersOnCopy, ); }; };
		4185C8BB248D8EB400D6CBD2 /* libbsm.tbd in Frameworks */ = {isa = PBXBuildFile; fileRef = 4185C8BA248D8EB400D6CBD2 /* libbsm.tbd */; };
		4185C8BD248D8ED700D6CBD2 /* libEndpointSecurity.tbd in Frameworks */ = {isa = PBXBuildFile; fileRef = 4185C8BC248D8ED700D6CBD2 /* libEndpointSecurity.tbd */; };
		418BD6D625CEC5D700ED1074 /* AllowList.m in Sources */ = {isa = PBXBuildFile; fileRef = 418BD6D525CEC5D700ED1074 /* AllowList.m */; };
		418BD6DF25CED6FD00ED1074 /* XPCListener.m in Sources */ = {isa = PBXBuildFile; fileRef = 418BD6DE25CED6FD00ED1074 /* XPCListener.m */; };
		418BD6E525CEDD4500ED1074 /* XPCAppClient.m in Sources */ = {isa = PBXBuildFile; fileRef = 418BD6E325CEDD4500ED1074 /* XPCAppClient.m */; };
		418BD6EB25CEE15400ED1074 /* XPCExtension.m in Sources */ = {isa = PBXBuildFile; fileRef = 418BD6E925CEE15400ED1074 /* XPCExtension.m */; };
		418DD42E25CF3C2000A0A432 /* XPCExtensionClient.m in Sources */ = {isa = PBXBuildFile; fileRef = 418DD42D25CF3C2000A0A432 /* XPCExtensionClient.m */; };
		41A184D7248E209000A71944 /* ShieldMonitor.m in Sources */ = {isa = PBXBuildFile; fileRef = 41A184D6248E209000A71944 /* ShieldMonitor.m */; };
		41BE749E25CF43730047A7D3 /* XPCApp.m in Sources */ = {isa = PBXBuildFile; fileRef = 41BE749D25CF43730047A7D3 /* XPCApp.m */; };
/* End PBXBuildFile section */

/* Begin PBXContainerItemProxy section */
		4185C8B2248D8E0E00D6CBD2 /* PBXContainerItemProxy */ = {
			isa = PBXContainerItemProxy;
			containerPortal = 4185C831248D064700D6CBD2 /* Project object */;
			proxyType = 1;
			remoteGlobalIDString = 4185C8A6248D8E0E00D6CBD2;
			remoteInfo = Extension;
		};
/* End PBXContainerItemProxy section */

/* Begin PBXCopyFilesBuildPhase section */
		4164BF40248D9B2300B5F881 /* Embed Libraries */ = {
			isa = PBXCopyFilesBuildPhase;
			buildActionMask = 2147483647;
			dstPath = "";
			dstSubfolderSpec = 10;
			files = (
			);
			name = "Embed Libraries";
			runOnlyForDeploymentPostprocessing = 0;
		};
		4181AD2424A7CEF00043B995 /* CopyFiles */ = {
			isa = PBXCopyFilesBuildPhase;
			buildActionMask = 2147483647;
			dstPath = Contents/Library/LoginItems;
			dstSubfolderSpec = 1;
			files = (
				4181AD2524A7CF1F0043B995 /* ShieldHelper.app in CopyFiles */,
			);
			runOnlyForDeploymentPostprocessing = 0;
		};
		4185C8B8248D8E0E00D6CBD2 /* Embed System Extensions */ = {
			isa = PBXCopyFilesBuildPhase;
			buildActionMask = 2147483647;
			dstPath = "$(SYSTEM_EXTENSIONS_FOLDER_PATH)";
			dstSubfolderSpec = 16;
			files = (
				4185C8B4248D8E0E00D6CBD2 /* com.csaba.fitzl.shield.Extension.systemextension in Embed System Extensions */,
			);
			name = "Embed System Extensions";
			runOnlyForDeploymentPostprocessing = 0;
		};
/* End PBXCopyFilesBuildPhase section */

/* Begin PBXFileReference section */
		413ACCD625D46EDD0064DF43 /* AllowListWindowController.h */ = {isa = PBXFileReference; lastKnownFileType = sourcecode.c.h; path = AllowListWindowController.h; sourceTree = "<group>"; };
		413ACCD725D46EDD0064DF43 /* AllowListWindowController.m */ = {isa = PBXFileReference; lastKnownFileType = sourcecode.c.objc; path = AllowListWindowController.m; sourceTree = "<group>"; };
		413ACCD825D46EDD0064DF43 /* AllowListWindow.xib */ = {isa = PBXFileReference; lastKnownFileType = file.xib; path = AllowListWindow.xib; sourceTree = "<group>"; };
		4140452525CFC1550013FFE1 /* InjectionNotificationWindowController.h */ = {isa = PBXFileReference; lastKnownFileType = sourcecode.c.h; path = InjectionNotificationWindowController.h; sourceTree = "<group>"; };
		4140452625CFC1550013FFE1 /* InjectionNotificationWindowController.m */ = {isa = PBXFileReference; lastKnownFileType = sourcecode.c.objc; path = InjectionNotificationWindowController.m; sourceTree = "<group>"; };
		4140452725CFC1550013FFE1 /* NotificationWindow.xib */ = {isa = PBXFileReference; lastKnownFileType = file.xib; path = NotificationWindow.xib; sourceTree = "<group>"; };
		41414C88264FF68D000584E0 /* File.m */ = {isa = PBXFileReference; lastKnownFileType = sourcecode.c.objc; path = File.m; sourceTree = "<group>"; };
		41414C8B264FF6EE000584E0 /* File.h */ = {isa = PBXFileReference; lastKnownFileType = sourcecode.c.h; path = File.h; sourceTree = "<group>"; };
		41414C8C264FF907000584E0 /* Process.h */ = {isa = PBXFileReference; lastKnownFileType = sourcecode.c.h; path = Process.h; sourceTree = "<group>"; };
		414158BA2491F34F00DABD0D /* todo.txt */ = {isa = PBXFileReference; lastKnownFileType = text; path = todo.txt; sourceTree = SOURCE_ROOT; };
		414158BB249207CD00DABD0D /* Preferences.h */ = {isa = PBXFileReference; lastKnownFileType = sourcecode.c.h; path = Preferences.h; sourceTree = "<group>"; };
		414158BC2492081D00DABD0D /* Preferences.m */ = {isa = PBXFileReference; lastKnownFileType = sourcecode.c.objc; path = Preferences.m; sourceTree = "<group>"; };
		414158BE249208AB00DABD0D /* Constants.h */ = {isa = PBXFileReference; lastKnownFileType = sourcecode.c.h; path = Constants.h; sourceTree = "<group>"; };
		4151A1FF26506E2000683A18 /* FilelinkNotificationWindowController.h */ = {isa = PBXFileReference; lastKnownFileType = sourcecode.c.h; path = FilelinkNotificationWindowController.h; sourceTree = "<group>"; };
		4151A20026506E2000683A18 /* FilelinkNotificationWindowController.m */ = {isa = PBXFileReference; lastKnownFileType = sourcecode.c.objc; path = FilelinkNotificationWindowController.m; sourceTree = "<group>"; };
		4151A20126506E2000683A18 /* FilelinkNotificationWindow.xib */ = {isa = PBXFileReference; lastKnownFileType = file.xib; path = FilelinkNotificationWindow.xib; sourceTree = "<group>"; };
		4153843525D12E2600C85BD1 /* InstallerWindowController.h */ = {isa = PBXFileReference; lastKnownFileType = sourcecode.c.h; path = InstallerWindowController.h; sourceTree = "<group>"; };
		4153843625D12E2700C85BD1 /* InstallerWindowController.m */ = {isa = PBXFileReference; lastKnownFileType = sourcecode.c.objc; path = InstallerWindowController.m; sourceTree = "<group>"; };
		4153843725D12E2700C85BD1 /* InstallerWindowController.xib */ = {isa = PBXFileReference; lastKnownFileType = file.xib; path = InstallerWindowController.xib; sourceTree = "<group>"; };
		4181AD1124A7CE0E0043B995 /* ShieldHelper.app */ = {isa = PBXFileReference; explicitFileType = wrapper.application; includeInIndex = 0; path = ShieldHelper.app; sourceTree = BUILT_PRODUCTS_DIR; };
		4181AD1324A7CE0E0043B995 /* AppDelegate.h */ = {isa = PBXFileReference; lastKnownFileType = sourcecode.c.h; path = AppDelegate.h; sourceTree = "<group>"; };
		4181AD1424A7CE0E0043B995 /* AppDelegate.m */ = {isa = PBXFileReference; lastKnownFileType = sourcecode.c.objc; path = AppDelegate.m; sourceTree = "<group>"; };
		4181AD1624A7CE0E0043B995 /* Assets.xcassets */ = {isa = PBXFileReference; lastKnownFileType = folder.assetcatalog; path = Assets.xcassets; sourceTree = "<group>"; };
		4181AD1924A7CE0E0043B995 /* Base */ = {isa = PBXFileReference; lastKnownFileType = file.xib; name = Base; path = Base.lproj/MainMenu.xib; sourceTree = "<group>"; };
		4181AD1B24A7CE0E0043B995 /* Info.plist */ = {isa = PBXFileReference; lastKnownFileType = text.plist.xml; path = Info.plist; sourceTree = "<group>"; };
		4181AD1C24A7CE0E0043B995 /* main.m */ = {isa = PBXFileReference; lastKnownFileType = sourcecode.c.objc; path = main.m; sourceTree = "<group>"; };
		4181AD1E24A7CE0E0043B995 /* ShieldHelper.entitlements */ = {isa = PBXFileReference; lastKnownFileType = text.plist.entitlements; path = ShieldHelper.entitlements; sourceTree = "<group>"; };
		4181AD2224A7CE380043B995 /* ServiceManagement.framework */ = {isa = PBXFileReference; lastKnownFileType = wrapper.framework; name = ServiceManagement.framework; path = System/Library/Frameworks/ServiceManagement.framework; sourceTree = SDKROOT; };
		4185C839248D064700D6CBD2 /* Shield.app */ = {isa = PBXFileReference; explicitFileType = wrapper.application; includeInIndex = 0; path = Shield.app; sourceTree = BUILT_PRODUCTS_DIR; };
		4185C83C248D064700D6CBD2 /* AppDelegate.h */ = {isa = PBXFileReference; lastKnownFileType = sourcecode.c.h; path = AppDelegate.h; sourceTree = "<group>"; };
		4185C83D248D064700D6CBD2 /* AppDelegate.m */ = {isa = PBXFileReference; lastKnownFileType = sourcecode.c.objc; path = AppDelegate.m; sourceTree = "<group>"; };
		4185C83F248D064800D6CBD2 /* Assets.xcassets */ = {isa = PBXFileReference; lastKnownFileType = folder.assetcatalog; path = Assets.xcassets; sourceTree = "<group>"; };
		4185C842248D064800D6CBD2 /* Base */ = {isa = PBXFileReference; lastKnownFileType = file.xib; name = Base; path = Base.lproj/MainMenu.xib; sourceTree = "<group>"; };
		4185C844248D064800D6CBD2 /* Info.plist */ = {isa = PBXFileReference; lastKnownFileType = text.plist.xml; path = Info.plist; sourceTree = "<group>"; };
		4185C845248D064800D6CBD2 /* main.m */ = {isa = PBXFileReference; lastKnownFileType = sourcecode.c.objc; path = main.m; sourceTree = "<group>"; };
		4185C847248D064800D6CBD2 /* Shield.entitlements */ = {isa = PBXFileReference; lastKnownFileType = text.plist.entitlements; path = Shield.entitlements; sourceTree = "<group>"; };
		4185C859248D14E700D6CBD2 /* dot.pdf */ = {isa = PBXFileReference; lastKnownFileType = image.pdf; name = dot.pdf; path = Assets.xcassets/Logo.imageset/dot.pdf; sourceTree = "<group>"; };
		4185C887248D8C8800D6CBD2 /* Monitor.m */ = {isa = PBXFileReference; fileEncoding = 4; lastKnownFileType = sourcecode.c.objc; path = Monitor.m; sourceTree = "<group>"; };
		4185C888248D8C8800D6CBD2 /* Process.m */ = {isa = PBXFileReference; fileEncoding = 4; lastKnownFileType = sourcecode.c.objc; path = Process.m; sourceTree = "<group>"; };
		4185C889248D8C8800D6CBD2 /* utilities.h */ = {isa = PBXFileReference; fileEncoding = 4; lastKnownFileType = sourcecode.c.h; path = utilities.h; sourceTree = "<group>"; };
		4185C88A248D8C8800D6CBD2 /* signing.m */ = {isa = PBXFileReference; fileEncoding = 4; lastKnownFileType = sourcecode.c.objc; path = signing.m; sourceTree = "<group>"; };
		4185C88B248D8C8800D6CBD2 /* Monitor.h */ = {isa = PBXFileReference; fileEncoding = 4; lastKnownFileType = sourcecode.c.h; path = Monitor.h; sourceTree = "<group>"; };
		4185C88C248D8C8800D6CBD2 /* signing.h */ = {isa = PBXFileReference; fileEncoding = 4; lastKnownFileType = sourcecode.c.h; path = signing.h; sourceTree = "<group>"; };
		4185C88D248D8C8800D6CBD2 /* utilities.m */ = {isa = PBXFileReference; fileEncoding = 4; lastKnownFileType = sourcecode.c.objc; path = utilities.m; sourceTree = "<group>"; };
		4185C8A7248D8E0E00D6CBD2 /* com.csaba.fitzl.shield.Extension.systemextension */ = {isa = PBXFileReference; explicitFileType = "wrapper.system-extension"; includeInIndex = 0; path = com.csaba.fitzl.shield.Extension.systemextension; sourceTree = BUILT_PRODUCTS_DIR; };
		4185C8AE248D8E0E00D6CBD2 /* main.m */ = {isa = PBXFileReference; lastKnownFileType = sourcecode.c.objc; path = main.m; sourceTree = "<group>"; };
		4185C8B0248D8E0E00D6CBD2 /* Info.plist */ = {isa = PBXFileReference; lastKnownFileType = text.plist.xml; path = Info.plist; sourceTree = "<group>"; };
		4185C8B1248D8E0E00D6CBD2 /* Extension.entitlements */ = {isa = PBXFileReference; lastKnownFileType = text.plist.entitlements; path = Extension.entitlements; sourceTree = "<group>"; };
		4185C8BA248D8EB400D6CBD2 /* libbsm.tbd */ = {isa = PBXFileReference; lastKnownFileType = "sourcecode.text-based-dylib-definition"; name = libbsm.tbd; path = usr/lib/libbsm.tbd; sourceTree = SDKROOT; };
		4185C8BC248D8ED700D6CBD2 /* libEndpointSecurity.tbd */ = {isa = PBXFileReference; lastKnownFileType = "sourcecode.text-based-dylib-definition"; name = libEndpointSecurity.tbd; path = usr/lib/libEndpointSecurity.tbd; sourceTree = SDKROOT; };
		418BD6D125CEC0AC00ED1074 /* main.h */ = {isa = PBXFileReference; lastKnownFileType = sourcecode.c.h; path = main.h; sourceTree = "<group>"; };
		418BD6D425CEC39900ED1074 /* AllowList.h */ = {isa = PBXFileReference; lastKnownFileType = sourcecode.c.h; path = AllowList.h; sourceTree = "<group>"; };
		418BD6D525CEC5D700ED1074 /* AllowList.m */ = {isa = PBXFileReference; lastKnownFileType = sourcecode.c.objc; path = AllowList.m; sourceTree = "<group>"; };
		418BD6DB25CED3DF00ED1074 /* XPCAppProtocol.h */ = {isa = PBXFileReference; lastKnownFileType = sourcecode.c.h; path = XPCAppProtocol.h; sourceTree = "<group>"; };
		418BD6DC25CED4C800ED1074 /* XPCExtensionProtocol.h */ = {isa = PBXFileReference; lastKnownFileType = sourcecode.c.h; path = XPCExtensionProtocol.h; sourceTree = "<group>"; };
		418BD6DD25CED5D800ED1074 /* XPCListener.h */ = {isa = PBXFileReference; lastKnownFileType = sourcecode.c.h; path = XPCListener.h; sourceTree = "<group>"; };
		418BD6DE25CED6FD00ED1074 /* XPCListener.m */ = {isa = PBXFileReference; lastKnownFileType = sourcecode.c.objc; path = XPCListener.m; sourceTree = "<group>"; };
		418BD6E225CEDCB800ED1074 /* XPCAppClient.h */ = {isa = PBXFileReference; lastKnownFileType = sourcecode.c.h; path = XPCAppClient.h; sourceTree = "<group>"; };
		418BD6E325CEDD4500ED1074 /* XPCAppClient.m */ = {isa = PBXFileReference; lastKnownFileType = sourcecode.c.objc; path = XPCAppClient.m; sourceTree = "<group>"; };
		418BD6E825CEE0FF00ED1074 /* XPCExtension.h */ = {isa = PBXFileReference; lastKnownFileType = sourcecode.c.h; path = XPCExtension.h; sourceTree = "<group>"; };
		418BD6E925CEE15400ED1074 /* XPCExtension.m */ = {isa = PBXFileReference; lastKnownFileType = sourcecode.c.objc; path = XPCExtension.m; sourceTree = "<group>"; };
		418DD42A25CF3A1400A0A432 /* XPCExtensionClient.h */ = {isa = PBXFileReference; lastKnownFileType = sourcecode.c.h; path = XPCExtensionClient.h; sourceTree = "<group>"; };
		418DD42D25CF3C2000A0A432 /* XPCExtensionClient.m */ = {isa = PBXFileReference; lastKnownFileType = sourcecode.c.objc; path = XPCExtensionClient.m; sourceTree = "<group>"; };
		41A184D5248E1FEB00A71944 /* ShieldMonitor.h */ = {isa = PBXFileReference; lastKnownFileType = sourcecode.c.h; path = ShieldMonitor.h; sourceTree = "<group>"; };
		41A184D6248E209000A71944 /* ShieldMonitor.m */ = {isa = PBXFileReference; lastKnownFileType = sourcecode.c.objc; path = ShieldMonitor.m; sourceTree = "<group>"; };
		41BE749C25CF42F40047A7D3 /* XPCApp.h */ = {isa = PBXFileReference; lastKnownFileType = sourcecode.c.h; path = XPCApp.h; sourceTree = "<group>"; };
		41BE749D25CF43730047A7D3 /* XPCApp.m */ = {isa = PBXFileReference; lastKnownFileType = sourcecode.c.objc; path = XPCApp.m; sourceTree = "<group>"; };
/* End PBXFileReference section */

/* Begin PBXFrameworksBuildPhase section */
		4181AD0E24A7CE0E0043B995 /* Frameworks */ = {
			isa = PBXFrameworksBuildPhase;
			buildActionMask = 2147483647;
			files = (
			);
			runOnlyForDeploymentPostprocessing = 0;
		};
		4185C836248D064700D6CBD2 /* Frameworks */ = {
			isa = PBXFrameworksBuildPhase;
			buildActionMask = 2147483647;
			files = (
				4181AD2324A7CE380043B995 /* ServiceManagement.framework in Frameworks */,
				4164BF3D248D938B00B5F881 /* libEndpointSecurity.tbd in Frameworks */,
				4164BF3E248D939200B5F881 /* libbsm.tbd in Frameworks */,
			);
			runOnlyForDeploymentPostprocessing = 0;
		};
		4185C8A4248D8E0E00D6CBD2 /* Frameworks */ = {
			isa = PBXFrameworksBuildPhase;
			buildActionMask = 2147483647;
			files = (
				4185C8BD248D8ED700D6CBD2 /* libEndpointSecurity.tbd in Frameworks */,
				4185C8BB248D8EB400D6CBD2 /* libbsm.tbd in Frameworks */,
			);
			runOnlyForDeploymentPostprocessing = 0;
		};
/* End PBXFrameworksBuildPhase section */

/* Begin PBXGroup section */
		4132F7CD248E621900422FB2 /* Common */ = {
			isa = PBXGroup;
			children = (
				414158BA2491F34F00DABD0D /* todo.txt */,
				414158BE249208AB00DABD0D /* Constants.h */,
				418BD6DB25CED3DF00ED1074 /* XPCAppProtocol.h */,
				418BD6DC25CED4C800ED1074 /* XPCExtensionProtocol.h */,
			);
			path = Common;
			sourceTree = "<group>";
		};
		4181AD1224A7CE0E0043B995 /* ShieldHelper */ = {
			isa = PBXGroup;
			children = (
				4181AD1324A7CE0E0043B995 /* AppDelegate.h */,
				4181AD1424A7CE0E0043B995 /* AppDelegate.m */,
				4181AD1624A7CE0E0043B995 /* Assets.xcassets */,
				4181AD1824A7CE0E0043B995 /* MainMenu.xib */,
				4181AD1B24A7CE0E0043B995 /* Info.plist */,
				4181AD1C24A7CE0E0043B995 /* main.m */,
				4181AD1E24A7CE0E0043B995 /* ShieldHelper.entitlements */,
			);
			path = ShieldHelper;
			sourceTree = "<group>";
		};
		4185C830248D064700D6CBD2 = {
			isa = PBXGroup;
			children = (
				4132F7CD248E621900422FB2 /* Common */,
				4185C83B248D064700D6CBD2 /* Shield */,
				4185C897248D8CF400D6CBD2 /* procmon */,
				4185C8AA248D8E0E00D6CBD2 /* Extension */,
				4181AD1224A7CE0E0043B995 /* ShieldHelper */,
				4185C873248D8BBE00D6CBD2 /* Frameworks */,
				4185C83A248D064700D6CBD2 /* Products */,
			);
			sourceTree = "<group>";
		};
		4185C83A248D064700D6CBD2 /* Products */ = {
			isa = PBXGroup;
			children = (
				4185C839248D064700D6CBD2 /* Shield.app */,
				4185C8A7248D8E0E00D6CBD2 /* com.csaba.fitzl.shield.Extension.systemextension */,
				4181AD1124A7CE0E0043B995 /* ShieldHelper.app */,
			);
			name = Products;
			sourceTree = "<group>";
		};
		4185C83B248D064700D6CBD2 /* Shield */ = {
			isa = PBXGroup;
			children = (
				4185C859248D14E700D6CBD2 /* dot.pdf */,
				41BE749C25CF42F40047A7D3 /* XPCApp.h */,
				41BE749D25CF43730047A7D3 /* XPCApp.m */,
				418DD42A25CF3A1400A0A432 /* XPCExtensionClient.h */,
				418DD42D25CF3C2000A0A432 /* XPCExtensionClient.m */,
				4185C83C248D064700D6CBD2 /* AppDelegate.h */,
				4185C83D248D064700D6CBD2 /* AppDelegate.m */,
				4153843525D12E2600C85BD1 /* InstallerWindowController.h */,
				4153843625D12E2700C85BD1 /* InstallerWindowController.m */,
				4153843725D12E2700C85BD1 /* InstallerWindowController.xib */,
				4140452525CFC1550013FFE1 /* InjectionNotificationWindowController.h */,
				4140452625CFC1550013FFE1 /* InjectionNotificationWindowController.m */,
				4140452725CFC1550013FFE1 /* NotificationWindow.xib */,
				4185C83F248D064800D6CBD2 /* Assets.xcassets */,
				4185C841248D064800D6CBD2 /* MainMenu.xib */,
				4185C844248D064800D6CBD2 /* Info.plist */,
				4185C845248D064800D6CBD2 /* main.m */,
				4185C847248D064800D6CBD2 /* Shield.entitlements */,
				413ACCD625D46EDD0064DF43 /* AllowListWindowController.h */,
				413ACCD725D46EDD0064DF43 /* AllowListWindowController.m */,
				413ACCD825D46EDD0064DF43 /* AllowListWindow.xib */,
				4151A1FF26506E2000683A18 /* FilelinkNotificationWindowController.h */,
				4151A20026506E2000683A18 /* FilelinkNotificationWindowController.m */,
				4151A20126506E2000683A18 /* FilelinkNotificationWindow.xib */,
			);
			path = Shield;
			sourceTree = "<group>";
		};
		4185C873248D8BBE00D6CBD2 /* Frameworks */ = {
			isa = PBXGroup;
			children = (
				4181AD2224A7CE380043B995 /* ServiceManagement.framework */,
				4185C8BC248D8ED700D6CBD2 /* libEndpointSecurity.tbd */,
				4185C8BA248D8EB400D6CBD2 /* libbsm.tbd */,
			);
			name = Frameworks;
			sourceTree = "<group>";
		};
		4185C897248D8CF400D6CBD2 /* procmon */ = {
			isa = PBXGroup;
			children = (
				41414C8C264FF907000584E0 /* Process.h */,
				4185C888248D8C8800D6CBD2 /* Process.m */,
				4185C88B248D8C8800D6CBD2 /* Monitor.h */,
				4185C887248D8C8800D6CBD2 /* Monitor.m */,
				4185C88C248D8C8800D6CBD2 /* signing.h */,
				4185C88A248D8C8800D6CBD2 /* signing.m */,
				4185C889248D8C8800D6CBD2 /* utilities.h */,
				4185C88D248D8C8800D6CBD2 /* utilities.m */,
				41414C8B264FF6EE000584E0 /* File.h */,
				41414C88264FF68D000584E0 /* File.m */,
			);
			path = procmon;
			sourceTree = "<group>";
		};
		4185C8AA248D8E0E00D6CBD2 /* Extension */ = {
			isa = PBXGroup;
			children = (
				418BD6D125CEC0AC00ED1074 /* main.h */,
				4185C8AE248D8E0E00D6CBD2 /* main.m */,
				418BD6E825CEE0FF00ED1074 /* XPCExtension.h */,
				418BD6E925CEE15400ED1074 /* XPCExtension.m */,
				418BD6D425CEC39900ED1074 /* AllowList.h */,
				418BD6D525CEC5D700ED1074 /* AllowList.m */,
				4185C8B0248D8E0E00D6CBD2 /* Info.plist */,
				4185C8B1248D8E0E00D6CBD2 /* Extension.entitlements */,
				41A184D5248E1FEB00A71944 /* ShieldMonitor.h */,
				41A184D6248E209000A71944 /* ShieldMonitor.m */,
				414158BB249207CD00DABD0D /* Preferences.h */,
				414158BC2492081D00DABD0D /* Preferences.m */,
				418BD6DD25CED5D800ED1074 /* XPCListener.h */,
				418BD6DE25CED6FD00ED1074 /* XPCListener.m */,
				418BD6E225CEDCB800ED1074 /* XPCAppClient.h */,
				418BD6E325CEDD4500ED1074 /* XPCAppClient.m */,
			);
			path = Extension;
			sourceTree = "<group>";
		};
/* End PBXGroup section */

/* Begin PBXNativeTarget section */
		4181AD1024A7CE0E0043B995 /* ShieldHelper */ = {
			isa = PBXNativeTarget;
			buildConfigurationList = 4181AD1F24A7CE0E0043B995 /* Build configuration list for PBXNativeTarget "ShieldHelper" */;
			buildPhases = (
				4181AD0D24A7CE0E0043B995 /* Sources */,
				4181AD0E24A7CE0E0043B995 /* Frameworks */,
				4181AD0F24A7CE0E0043B995 /* Resources */,
			);
			buildRules = (
			);
			dependencies = (
			);
			name = ShieldHelper;
			productName = ShieldHelper;
			productReference = 4181AD1124A7CE0E0043B995 /* ShieldHelper.app */;
			productType = "com.apple.product-type.application";
		};
		4185C838248D064700D6CBD2 /* Shield */ = {
			isa = PBXNativeTarget;
			buildConfigurationList = 4185C84A248D064800D6CBD2 /* Build configuration list for PBXNativeTarget "Shield" */;
			buildPhases = (
				4185C835248D064700D6CBD2 /* Sources */,
				4185C836248D064700D6CBD2 /* Frameworks */,
				4185C837248D064700D6CBD2 /* Resources */,
				4185C8B8248D8E0E00D6CBD2 /* Embed System Extensions */,
				4181AD2424A7CEF00043B995 /* CopyFiles */,
			);
			buildRules = (
			);
			dependencies = (
				4185C8B3248D8E0E00D6CBD2 /* PBXTargetDependency */,
			);
			name = Shield;
			productName = menuBar;
			productReference = 4185C839248D064700D6CBD2 /* Shield.app */;
			productType = "com.apple.product-type.application";
		};
		4185C8A6248D8E0E00D6CBD2 /* Shield System Extension */ = {
			isa = PBXNativeTarget;
			buildConfigurationList = 4185C8B5248D8E0E00D6CBD2 /* Build configuration list for PBXNativeTarget "Shield System Extension" */;
			buildPhases = (
				4185C8A3248D8E0E00D6CBD2 /* Sources */,
				4185C8A4248D8E0E00D6CBD2 /* Frameworks */,
				4185C8A5248D8E0E00D6CBD2 /* Resources */,
				4164BF40248D9B2300B5F881 /* Embed Libraries */,
			);
			buildRules = (
			);
			dependencies = (
			);
			name = "Shield System Extension";
			productName = Extension;
			productReference = 4185C8A7248D8E0E00D6CBD2 /* com.csaba.fitzl.shield.Extension.systemextension */;
			productType = "com.apple.product-type.system-extension";
		};
/* End PBXNativeTarget section */

/* Begin PBXProject section */
		4185C831248D064700D6CBD2 /* Project object */ = {
			isa = PBXProject;
			attributes = {
				LastUpgradeCheck = 1240;
				ORGANIZATIONNAME = csaba.fitzl;
				TargetAttributes = {
					4181AD1024A7CE0E0043B995 = {
						CreatedOnToolsVersion = 11.5;
					};
					4185C838248D064700D6CBD2 = {
						CreatedOnToolsVersion = 11.5;
					};
					4185C8A6248D8E0E00D6CBD2 = {
						CreatedOnToolsVersion = 11.5;
					};
				};
			};
			buildConfigurationList = 4185C834248D064700D6CBD2 /* Build configuration list for PBXProject "ShieldProject" */;
			compatibilityVersion = "Xcode 9.3";
			developmentRegion = en;
			hasScannedForEncodings = 0;
			knownRegions = (
				en,
				Base,
			);
			mainGroup = 4185C830248D064700D6CBD2;
			productRefGroup = 4185C83A248D064700D6CBD2 /* Products */;
			projectDirPath = "";
			projectRoot = "";
			targets = (
				4185C838248D064700D6CBD2 /* Shield */,
				4185C8A6248D8E0E00D6CBD2 /* Shield System Extension */,
				4181AD1024A7CE0E0043B995 /* ShieldHelper */,
			);
		};
/* End PBXProject section */

/* Begin PBXResourcesBuildPhase section */
		4181AD0F24A7CE0E0043B995 /* Resources */ = {
			isa = PBXResourcesBuildPhase;
			buildActionMask = 2147483647;
			files = (
				4181AD1724A7CE0E0043B995 /* Assets.xcassets in Resources */,
				4181AD1A24A7CE0E0043B995 /* MainMenu.xib in Resources */,
			);
			runOnlyForDeploymentPostprocessing = 0;
		};
		4185C837248D064700D6CBD2 /* Resources */ = {
			isa = PBXResourcesBuildPhase;
			buildActionMask = 2147483647;
			files = (
				4185C85A248D14E700D6CBD2 /* dot.pdf in Resources */,
				4151A20326506E2000683A18 /* FilelinkNotificationWindow.xib in Resources */,
				4185C840248D064800D6CBD2 /* Assets.xcassets in Resources */,
				4153843925D12E2700C85BD1 /* InstallerWindowController.xib in Resources */,
				413ACCDA25D46EDD0064DF43 /* AllowListWindow.xib in Resources */,
				4140452925CFC1550013FFE1 /* NotificationWindow.xib in Resources */,
				4185C843248D064800D6CBD2 /* MainMenu.xib in Resources */,
			);
			runOnlyForDeploymentPostprocessing = 0;
		};
		4185C8A5248D8E0E00D6CBD2 /* Resources */ = {
			isa = PBXResourcesBuildPhase;
			buildActionMask = 2147483647;
			files = (
			);
			runOnlyForDeploymentPostprocessing = 0;
		};
/* End PBXResourcesBuildPhase section */

/* Begin PBXSourcesBuildPhase section */
		4181AD0D24A7CE0E0043B995 /* Sources */ = {
			isa = PBXSourcesBuildPhase;
			buildActionMask = 2147483647;
			files = (
				4181AD1D24A7CE0E0043B995 /* main.m in Sources */,
				4181AD1524A7CE0E0043B995 /* AppDelegate.m in Sources */,
			);
			runOnlyForDeploymentPostprocessing = 0;
		};
		4185C835248D064700D6CBD2 /* Sources */ = {
			isa = PBXSourcesBuildPhase;
			buildActionMask = 2147483647;
			files = (
				4185C891248D8C8800D6CBD2 /* utilities.m in Sources */,
				4151A20226506E2000683A18 /* FilelinkNotificationWindowController.m in Sources */,
				418DD42E25CF3C2000A0A432 /* XPCExtensionClient.m in Sources */,
				4140452825CFC1550013FFE1 /* InjectionNotificationWindowController.m in Sources */,
				4153843825D12E2700C85BD1 /* InstallerWindowController.m in Sources */,
				41BE749E25CF43730047A7D3 /* XPCApp.m in Sources */,
				413ACCD925D46EDD0064DF43 /* AllowListWindowController.m in Sources */,
				4185C846248D064800D6CBD2 /* main.m in Sources */,
				4185C83E248D064700D6CBD2 /* AppDelegate.m in Sources */,
			);
			runOnlyForDeploymentPostprocessing = 0;
		};
		4185C8A3248D8E0E00D6CBD2 /* Sources */ = {
			isa = PBXSourcesBuildPhase;
			buildActionMask = 2147483647;
			files = (
				4141E6C7248F661A00C090BA /* Monitor.m in Sources */,
				418BD6EB25CEE15400ED1074 /* XPCExtension.m in Sources */,
				4141E6C8248F661A00C090BA /* Process.m in Sources */,
				4141E6C9248F661A00C090BA /* signing.m in Sources */,
				414158BD2492081D00DABD0D /* Preferences.m in Sources */,
				41414C8A264FF68D000584E0 /* File.m in Sources */,
				418BD6D625CEC5D700ED1074 /* AllowList.m in Sources */,
				4141E6CA248F661A00C090BA /* utilities.m in Sources */,
				4185C8AF248D8E0E00D6CBD2 /* main.m in Sources */,
				418BD6E525CEDD4500ED1074 /* XPCAppClient.m in Sources */,
				41A184D7248E209000A71944 /* ShieldMonitor.m in Sources */,
				418BD6DF25CED6FD00ED1074 /* XPCListener.m in Sources */,
			);
			runOnlyForDeploymentPostprocessing = 0;
		};
/* End PBXSourcesBuildPhase section */

/* Begin PBXTargetDependency section */
		4185C8B3248D8E0E00D6CBD2 /* PBXTargetDependency */ = {
			isa = PBXTargetDependency;
			target = 4185C8A6248D8E0E00D6CBD2 /* Shield System Extension */;
			targetProxy = 4185C8B2248D8E0E00D6CBD2 /* PBXContainerItemProxy */;
		};
/* End PBXTargetDependency section */

/* Begin PBXVariantGroup section */
		4181AD1824A7CE0E0043B995 /* MainMenu.xib */ = {
			isa = PBXVariantGroup;
			children = (
				4181AD1924A7CE0E0043B995 /* Base */,
			);
			name = MainMenu.xib;
			sourceTree = "<group>";
		};
		4185C841248D064800D6CBD2 /* MainMenu.xib */ = {
			isa = PBXVariantGroup;
			children = (
				4185C842248D064800D6CBD2 /* Base */,
			);
			name = MainMenu.xib;
			sourceTree = "<group>";
		};
/* End PBXVariantGroup section */

/* Begin XCBuildConfiguration section */
		4181AD2024A7CE0E0043B995 /* Debug */ = {
			isa = XCBuildConfiguration;
			buildSettings = {
				ASSETCATALOG_COMPILER_APPICON_NAME = AppIcon;
				CODE_SIGN_ENTITLEMENTS = ShieldHelper/ShieldHelper.entitlements;
				CODE_SIGN_IDENTITY = "Apple Development";
				CODE_SIGN_STYLE = Automatic;
				COMBINE_HIDPI_IMAGES = YES;
				DEVELOPMENT_TEAM = 33YRLYRBYV;
				ENABLE_HARDENED_RUNTIME = YES;
				INFOPLIST_FILE = ShieldHelper/Info.plist;
				LD_RUNPATH_SEARCH_PATHS = (
					"$(inherited)",
					"@executable_path/../Frameworks",
				);
				MARKETING_VERSION = 1.2;
				PRODUCT_BUNDLE_IDENTIFIER = com.csaba.fitzl.shield.ShieldHelper;
				PRODUCT_NAME = "$(TARGET_NAME)";
				SKIP_INSTALL = YES;
			};
			name = Debug;
		};
		4181AD2124A7CE0E0043B995 /* Release */ = {
			isa = XCBuildConfiguration;
			buildSettings = {
				ASSETCATALOG_COMPILER_APPICON_NAME = AppIcon;
				CODE_SIGN_ENTITLEMENTS = ShieldHelper/ShieldHelper.entitlements;
				CODE_SIGN_IDENTITY = "Apple Development";
				CODE_SIGN_STYLE = Automatic;
				COMBINE_HIDPI_IMAGES = YES;
				DEVELOPMENT_TEAM = 33YRLYRBYV;
				ENABLE_HARDENED_RUNTIME = YES;
				INFOPLIST_FILE = ShieldHelper/Info.plist;
				LD_RUNPATH_SEARCH_PATHS = (
					"$(inherited)",
					"@executable_path/../Frameworks",
				);
				MARKETING_VERSION = 1.2;
				PRODUCT_BUNDLE_IDENTIFIER = com.csaba.fitzl.shield.ShieldHelper;
				PRODUCT_NAME = "$(TARGET_NAME)";
				SKIP_INSTALL = YES;
			};
			name = Release;
		};
		4185C848248D064800D6CBD2 /* Debug */ = {
			isa = XCBuildConfiguration;
			buildSettings = {
				ALWAYS_SEARCH_USER_PATHS = NO;
				CLANG_ANALYZER_NONNULL = YES;
				CLANG_ANALYZER_NUMBER_OBJECT_CONVERSION = YES_AGGRESSIVE;
				CLANG_CXX_LANGUAGE_STANDARD = "gnu++14";
				CLANG_CXX_LIBRARY = "libc++";
				CLANG_ENABLE_MODULES = YES;
				CLANG_ENABLE_OBJC_ARC = YES;
				CLANG_ENABLE_OBJC_WEAK = YES;
				CLANG_WARN_BLOCK_CAPTURE_AUTORELEASING = YES;
				CLANG_WARN_BOOL_CONVERSION = YES;
				CLANG_WARN_COMMA = YES;
				CLANG_WARN_CONSTANT_CONVERSION = YES;
				CLANG_WARN_DEPRECATED_OBJC_IMPLEMENTATIONS = YES;
				CLANG_WARN_DIRECT_OBJC_ISA_USAGE = YES_ERROR;
				CLANG_WARN_DOCUMENTATION_COMMENTS = YES;
				CLANG_WARN_EMPTY_BODY = YES;
				CLANG_WARN_ENUM_CONVERSION = YES;
				CLANG_WARN_INFINITE_RECURSION = YES;
				CLANG_WARN_INT_CONVERSION = YES;
				CLANG_WARN_NON_LITERAL_NULL_CONVERSION = YES;
				CLANG_WARN_OBJC_IMPLICIT_RETAIN_SELF = YES;
				CLANG_WARN_OBJC_LITERAL_CONVERSION = YES;
				CLANG_WARN_OBJC_ROOT_CLASS = YES_ERROR;
				CLANG_WARN_QUOTED_INCLUDE_IN_FRAMEWORK_HEADER = YES;
				CLANG_WARN_RANGE_LOOP_ANALYSIS = YES;
				CLANG_WARN_STRICT_PROTOTYPES = YES;
				CLANG_WARN_SUSPICIOUS_MOVE = YES;
				CLANG_WARN_UNGUARDED_AVAILABILITY = YES_AGGRESSIVE;
				CLANG_WARN_UNREACHABLE_CODE = YES;
				CLANG_WARN__DUPLICATE_METHOD_MATCH = YES;
				COPY_PHASE_STRIP = NO;
				DEBUG_INFORMATION_FORMAT = dwarf;
				ENABLE_STRICT_OBJC_MSGSEND = YES;
				ENABLE_TESTABILITY = YES;
				GCC_C_LANGUAGE_STANDARD = gnu11;
				GCC_DYNAMIC_NO_PIC = NO;
				GCC_NO_COMMON_BLOCKS = YES;
				GCC_OPTIMIZATION_LEVEL = 0;
				GCC_PREPROCESSOR_DEFINITIONS = (
					"DEBUG=1",
					"$(inherited)",
				);
				GCC_WARN_64_TO_32_BIT_CONVERSION = YES;
				GCC_WARN_ABOUT_RETURN_TYPE = YES_ERROR;
				GCC_WARN_UNDECLARED_SELECTOR = YES;
				GCC_WARN_UNINITIALIZED_AUTOS = YES_AGGRESSIVE;
				GCC_WARN_UNUSED_FUNCTION = YES;
				GCC_WARN_UNUSED_VARIABLE = YES;
				MACOSX_DEPLOYMENT_TARGET = 10.15;
				MTL_ENABLE_DEBUG_INFO = INCLUDE_SOURCE;
				MTL_FAST_MATH = YES;
				ONLY_ACTIVE_ARCH = YES;
				SDKROOT = macosx;
			};
			name = Debug;
		};
		4185C849248D064800D6CBD2 /* Release */ = {
			isa = XCBuildConfiguration;
			buildSettings = {
				ALWAYS_SEARCH_USER_PATHS = NO;
				CLANG_ANALYZER_NONNULL = YES;
				CLANG_ANALYZER_NUMBER_OBJECT_CONVERSION = YES_AGGRESSIVE;
				CLANG_CXX_LANGUAGE_STANDARD = "gnu++14";
				CLANG_CXX_LIBRARY = "libc++";
				CLANG_ENABLE_MODULES = YES;
				CLANG_ENABLE_OBJC_ARC = YES;
				CLANG_ENABLE_OBJC_WEAK = YES;
				CLANG_WARN_BLOCK_CAPTURE_AUTORELEASING = YES;
				CLANG_WARN_BOOL_CONVERSION = YES;
				CLANG_WARN_COMMA = YES;
				CLANG_WARN_CONSTANT_CONVERSION = YES;
				CLANG_WARN_DEPRECATED_OBJC_IMPLEMENTATIONS = YES;
				CLANG_WARN_DIRECT_OBJC_ISA_USAGE = YES_ERROR;
				CLANG_WARN_DOCUMENTATION_COMMENTS = YES;
				CLANG_WARN_EMPTY_BODY = YES;
				CLANG_WARN_ENUM_CONVERSION = YES;
				CLANG_WARN_INFINITE_RECURSION = YES;
				CLANG_WARN_INT_CONVERSION = YES;
				CLANG_WARN_NON_LITERAL_NULL_CONVERSION = YES;
				CLANG_WARN_OBJC_IMPLICIT_RETAIN_SELF = YES;
				CLANG_WARN_OBJC_LITERAL_CONVERSION = YES;
				CLANG_WARN_OBJC_ROOT_CLASS = YES_ERROR;
				CLANG_WARN_QUOTED_INCLUDE_IN_FRAMEWORK_HEADER = YES;
				CLANG_WARN_RANGE_LOOP_ANALYSIS = YES;
				CLANG_WARN_STRICT_PROTOTYPES = YES;
				CLANG_WARN_SUSPICIOUS_MOVE = YES;
				CLANG_WARN_UNGUARDED_AVAILABILITY = YES_AGGRESSIVE;
				CLANG_WARN_UNREACHABLE_CODE = YES;
				CLANG_WARN__DUPLICATE_METHOD_MATCH = YES;
				COPY_PHASE_STRIP = NO;
				DEBUG_INFORMATION_FORMAT = "dwarf-with-dsym";
				ENABLE_NS_ASSERTIONS = NO;
				ENABLE_STRICT_OBJC_MSGSEND = YES;
				GCC_C_LANGUAGE_STANDARD = gnu11;
				GCC_NO_COMMON_BLOCKS = YES;
				GCC_WARN_64_TO_32_BIT_CONVERSION = YES;
				GCC_WARN_ABOUT_RETURN_TYPE = YES_ERROR;
				GCC_WARN_UNDECLARED_SELECTOR = YES;
				GCC_WARN_UNINITIALIZED_AUTOS = YES_AGGRESSIVE;
				GCC_WARN_UNUSED_FUNCTION = YES;
				GCC_WARN_UNUSED_VARIABLE = YES;
				MACOSX_DEPLOYMENT_TARGET = 10.15;
				MTL_ENABLE_DEBUG_INFO = NO;
				MTL_FAST_MATH = YES;
				SDKROOT = macosx;
			};
			name = Release;
		};
		4185C84B248D064800D6CBD2 /* Debug */ = {
			isa = XCBuildConfiguration;
			buildSettings = {
				ASSETCATALOG_COMPILER_APPICON_NAME = AppIcon;
				CODE_SIGN_ENTITLEMENTS = Shield/Shield.entitlements;
				CODE_SIGN_IDENTITY = "Apple Development";
				CODE_SIGN_STYLE = Automatic;
				COMBINE_HIDPI_IMAGES = YES;
				CURRENT_PROJECT_VERSION = 108;
				DEVELOPMENT_TEAM = 33YRLYRBYV;
				ENABLE_HARDENED_RUNTIME = YES;
				INFOPLIST_FILE = Shield/Info.plist;
				LD_RUNPATH_SEARCH_PATHS = (
					"$(inherited)",
					"@executable_path/../Frameworks",
				);
				MARKETING_VERSION = 1.2;
				PRODUCT_BUNDLE_IDENTIFIER = com.csaba.fitzl.shield;
				PRODUCT_NAME = Shield;
			};
			name = Debug;
		};
		4185C84C248D064800D6CBD2 /* Release */ = {
			isa = XCBuildConfiguration;
			buildSettings = {
				ASSETCATALOG_COMPILER_APPICON_NAME = AppIcon;
				CODE_SIGN_ENTITLEMENTS = Shield/Shield.entitlements;
				CODE_SIGN_IDENTITY = "Apple Development";
				CODE_SIGN_STYLE = Automatic;
				COMBINE_HIDPI_IMAGES = YES;
				CURRENT_PROJECT_VERSION = 108;
				DEVELOPMENT_TEAM = 33YRLYRBYV;
				ENABLE_HARDENED_RUNTIME = YES;
				INFOPLIST_FILE = Shield/Info.plist;
				LD_RUNPATH_SEARCH_PATHS = (
					"$(inherited)",
					"@executable_path/../Frameworks",
				);
				MARKETING_VERSION = 1.2;
				PRODUCT_BUNDLE_IDENTIFIER = com.csaba.fitzl.shield;
				PRODUCT_NAME = Shield;
			};
			name = Release;
		};
		4185C8B6248D8E0E00D6CBD2 /* Debug */ = {
			isa = XCBuildConfiguration;
			buildSettings = {
				CODE_SIGN_ENTITLEMENTS = Extension/Extension.entitlements;
				CODE_SIGN_IDENTITY = "Mac Developer";
				CODE_SIGN_STYLE = Manual;
				CREATE_INFOPLIST_SECTION_IN_BINARY = YES;
				CURRENT_PROJECT_VERSION = 108;
				DEVELOPMENT_TEAM = 33YRLYRBYV;
				ENABLE_HARDENED_RUNTIME = YES;
				INFOPLIST_FILE = Extension/Info.plist;
				LD_RUNPATH_SEARCH_PATHS = (
					"$(inherited)",
					"@executable_path/../Frameworks",
					"@executable_path/../../../../Frameworks",
				);
				MACOSX_DEPLOYMENT_TARGET = 10.15;
				MARKETING_VERSION = 1.2;
				PRODUCT_BUNDLE_IDENTIFIER = com.csaba.fitzl.shield.Extension;
				PRODUCT_NAME = "$(inherited)";
				PROVISIONING_PROFILE_SPECIFIER = mac.shield.extension.dev;
				SKIP_INSTALL = YES;
			};
			name = Debug;
		};
		4185C8B7248D8E0E00D6CBD2 /* Release */ = {
			isa = XCBuildConfiguration;
			buildSettings = {
				CODE_SIGN_ENTITLEMENTS = Extension/Extension.entitlements;
				CODE_SIGN_IDENTITY = "Mac Developer";
				CODE_SIGN_STYLE = Manual;
				CREATE_INFOPLIST_SECTION_IN_BINARY = YES;
				CURRENT_PROJECT_VERSION = 108;
				DEVELOPMENT_TEAM = 33YRLYRBYV;
				ENABLE_HARDENED_RUNTIME = YES;
				INFOPLIST_FILE = Extension/Info.plist;
				LD_RUNPATH_SEARCH_PATHS = (
					"$(inherited)",
					"@executable_path/../Frameworks",
					"@executable_path/../../../../Frameworks",
				);
				MACOSX_DEPLOYMENT_TARGET = 10.15;
				MARKETING_VERSION = 1.2;
				PRODUCT_BUNDLE_IDENTIFIER = com.csaba.fitzl.shield.Extension;
				PRODUCT_NAME = "$(inherited)";
				PROVISIONING_PROFILE_SPECIFIER = mac.shield.extension.dev;
				SKIP_INSTALL = YES;
			};
			name = Release;
		};
/* End XCBuildConfiguration section */

/* Begin XCConfigurationList section */
		4181AD1F24A7CE0E0043B995 /* Build configuration list for PBXNativeTarget "ShieldHelper" */ = {
			isa = XCConfigurationList;
			buildConfigurations = (
				4181AD2024A7CE0E0043B995 /* Debug */,
				4181AD2124A7CE0E0043B995 /* Release */,
			);
			defaultConfigurationIsVisible = 0;
			defaultConfigurationName = Release;
		};
		4185C834248D064700D6CBD2 /* Build configuration list for PBXProject "ShieldProject" */ = {
			isa = XCConfigurationList;
			buildConfigurations = (
				4185C848248D064800D6CBD2 /* Debug */,
				4185C849248D064800D6CBD2 /* Release */,
			);
			defaultConfigurationIsVisible = 0;
			defaultConfigurationName = Release;
		};
		4185C84A248D064800D6CBD2 /* Build configuration list for PBXNativeTarget "Shield" */ = {
			isa = XCConfigurationList;
			buildConfigurations = (
				4185C84B248D064800D6CBD2 /* Debug */,
				4185C84C248D064800D6CBD2 /* Release */,
			);
			defaultConfigurationIsVisible = 0;
			defaultConfigurationName = Release;
		};
		4185C8B5248D8E0E00D6CBD2 /* Build configuration list for PBXNativeTarget "Shield System Extension" */ = {
			isa = XCConfigurationList;
			buildConfigurations = (
				4185C8B6248D8E0E00D6CBD2 /* Debug */,
				4185C8B7248D8E0E00D6CBD2 /* Release */,
			);
			defaultConfigurationIsVisible = 0;
			defaultConfigurationName = Release;
		};
/* End XCConfigurationList section */
	};
	rootObject = 4185C831248D064700D6CBD2 /* Project object */;
}
